// !$*UTF8*$!
{
	archiveVersion = 1;
	classes = {
	};
	objectVersion = 56;
	objects = {

/* Begin PBXBuildFile section */
		22FAA2E4A5DE642E286DB120 /* Pods_GuauMaps.framework in Frameworks */ = {isa = PBXBuildFile; fileRef = 7C547A411D921658A8495EC1 /* Pods_GuauMaps.framework */; };
		570126F62C80DC6800C858F9 /* AppDelegate.swift in Sources */ = {isa = PBXBuildFile; fileRef = 570126F52C80DC6800C858F9 /* AppDelegate.swift */; };
		570126FC2C80E11300C858F9 /* MapView.swift in Sources */ = {isa = PBXBuildFile; fileRef = 570126FB2C80E11300C858F9 /* MapView.swift */; };
		570126FF2C80E17500C858F9 /* MainView.swift in Sources */ = {isa = PBXBuildFile; fileRef = 570126FE2C80E17500C858F9 /* MainView.swift */; };
		571C2ABF2C8AFFA100D4B1C2 /* GoogleMapsView.swift in Sources */ = {isa = PBXBuildFile; fileRef = 571C2ABE2C8AFFA100D4B1C2 /* GoogleMapsView.swift */; };
		571C2AC42C8B051A00D4B1C2 /* AppleMapView.swift in Sources */ = {isa = PBXBuildFile; fileRef = 571C2AC32C8B051A00D4B1C2 /* AppleMapView.swift */; };
		571C2AC72C8B118B00D4B1C2 /* AppleMapViewModel.swift in Sources */ = {isa = PBXBuildFile; fileRef = 571C2AC62C8B118B00D4B1C2 /* AppleMapViewModel.swift */; };
		5729D84D2C8A0C8B008E7EAC /* locations_mock.json in Resources */ = {isa = PBXBuildFile; fileRef = 5729D84C2C8A0C8B008E7EAC /* locations_mock.json */; };
		5729D84F2C8A0CA6008E7EAC /* LocationModel.swift in Sources */ = {isa = PBXBuildFile; fileRef = 5729D84E2C8A0CA6008E7EAC /* LocationModel.swift */; };
		5729D8512C8A0E96008E7EAC /* InfoCardView.swift in Sources */ = {isa = PBXBuildFile; fileRef = 5729D8502C8A0E96008E7EAC /* InfoCardView.swift */; };
		5729D8532C8A278C008E7EAC /* StarRatingView.swift in Sources */ = {isa = PBXBuildFile; fileRef = 5729D8522C8A278C008E7EAC /* StarRatingView.swift */; };
		5729D8562C8A3920008E7EAC /* CardDetailView.swift in Sources */ = {isa = PBXBuildFile; fileRef = 5729D8552C8A3920008E7EAC /* CardDetailView.swift */; };
		57B3156B2C80810C009FCA61 /* GuauMapsApp.swift in Sources */ = {isa = PBXBuildFile; fileRef = 57B3156A2C80810C009FCA61 /* GuauMapsApp.swift */; };
		57B3156F2C80810D009FCA61 /* Assets.xcassets in Resources */ = {isa = PBXBuildFile; fileRef = 57B3156E2C80810D009FCA61 /* Assets.xcassets */; };
		57B315722C80810D009FCA61 /* Preview Assets.xcassets in Resources */ = {isa = PBXBuildFile; fileRef = 57B315712C80810D009FCA61 /* Preview Assets.xcassets */; };
		57B3157C2C80810D009FCA61 /* GuauMapsTests.swift in Sources */ = {isa = PBXBuildFile; fileRef = 57B3157B2C80810D009FCA61 /* GuauMapsTests.swift */; };
		57B315862C80810D009FCA61 /* GuauMapsUITests.swift in Sources */ = {isa = PBXBuildFile; fileRef = 57B315852C80810D009FCA61 /* GuauMapsUITests.swift */; };
		57B315882C80810D009FCA61 /* GuauMapsUITestsLaunchTests.swift in Sources */ = {isa = PBXBuildFile; fileRef = 57B315872C80810D009FCA61 /* GuauMapsUITestsLaunchTests.swift */; };
		57B4DB2C2C80F394009F8D16 /* Configuration.plist in Resources */ = {isa = PBXBuildFile; fileRef = 57B4DB2B2C80F394009F8D16 /* Configuration.plist */; };
		CD254040072CD9021C9F6381 /* Pods_GuauMapsTests.framework in Frameworks */ = {isa = PBXBuildFile; fileRef = 67525FD2923DF3EB2BEE2505 /* Pods_GuauMapsTests.framework */; };
		D16151A7FBC3C253900288E6 /* Pods_GuauMaps_GuauMapsUITests.framework in Frameworks */ = {isa = PBXBuildFile; fileRef = EFA82CDFC7F24B741B87DCEF /* Pods_GuauMaps_GuauMapsUITests.framework */; };
/* End PBXBuildFile section */

/* Begin PBXContainerItemProxy section */
		57B315782C80810D009FCA61 /* PBXContainerItemProxy */ = {
			isa = PBXContainerItemProxy;
			containerPortal = 57B3155F2C80810C009FCA61 /* Project object */;
			proxyType = 1;
			remoteGlobalIDString = 57B315662C80810C009FCA61;
			remoteInfo = GuauMaps;
		};
		57B315822C80810D009FCA61 /* PBXContainerItemProxy */ = {
			isa = PBXContainerItemProxy;
			containerPortal = 57B3155F2C80810C009FCA61 /* Project object */;
			proxyType = 1;
			remoteGlobalIDString = 57B315662C80810C009FCA61;
			remoteInfo = GuauMaps;
		};
/* End PBXContainerItemProxy section */

/* Begin PBXFileReference section */
		09D4FEA1DA59FB1D6171EAA4 /* Pods-GuauMaps-GuauMapsUITests.debug.xcconfig */ = {isa = PBXFileReference; includeInIndex = 1; lastKnownFileType = text.xcconfig; name = "Pods-GuauMaps-GuauMapsUITests.debug.xcconfig"; path = "Target Support Files/Pods-GuauMaps-GuauMapsUITests/Pods-GuauMaps-GuauMapsUITests.debug.xcconfig"; sourceTree = "<group>"; };
		17E264C46A4481032E509E69 /* Pods-GuauMaps-GuauMapsUITests.release.xcconfig */ = {isa = PBXFileReference; includeInIndex = 1; lastKnownFileType = text.xcconfig; name = "Pods-GuauMaps-GuauMapsUITests.release.xcconfig"; path = "Target Support Files/Pods-GuauMaps-GuauMapsUITests/Pods-GuauMaps-GuauMapsUITests.release.xcconfig"; sourceTree = "<group>"; };
		1A280C94C6102B5C7DE379D2 /* Pods-GuauMaps.debug.xcconfig */ = {isa = PBXFileReference; includeInIndex = 1; lastKnownFileType = text.xcconfig; name = "Pods-GuauMaps.debug.xcconfig"; path = "Target Support Files/Pods-GuauMaps/Pods-GuauMaps.debug.xcconfig"; sourceTree = "<group>"; };
		337A3066B890CC6AD6DD549E /* Pods-GuauMapsTests.release.xcconfig */ = {isa = PBXFileReference; includeInIndex = 1; lastKnownFileType = text.xcconfig; name = "Pods-GuauMapsTests.release.xcconfig"; path = "Target Support Files/Pods-GuauMapsTests/Pods-GuauMapsTests.release.xcconfig"; sourceTree = "<group>"; };
		497E9BE6CFF0EFE31CD639B9 /* Pods-GuauMapsTests.debug.xcconfig */ = {isa = PBXFileReference; includeInIndex = 1; lastKnownFileType = text.xcconfig; name = "Pods-GuauMapsTests.debug.xcconfig"; path = "Target Support Files/Pods-GuauMapsTests/Pods-GuauMapsTests.debug.xcconfig"; sourceTree = "<group>"; };
		570126F52C80DC6800C858F9 /* AppDelegate.swift */ = {isa = PBXFileReference; lastKnownFileType = sourcecode.swift; path = AppDelegate.swift; sourceTree = "<group>"; };
		570126FB2C80E11300C858F9 /* MapView.swift */ = {isa = PBXFileReference; lastKnownFileType = sourcecode.swift; path = MapView.swift; sourceTree = "<group>"; };
		570126FE2C80E17500C858F9 /* MainView.swift */ = {isa = PBXFileReference; lastKnownFileType = sourcecode.swift; path = MainView.swift; sourceTree = "<group>"; };
		571C2ABE2C8AFFA100D4B1C2 /* GoogleMapsView.swift */ = {isa = PBXFileReference; lastKnownFileType = sourcecode.swift; path = GoogleMapsView.swift; sourceTree = "<group>"; };
		571C2AC32C8B051A00D4B1C2 /* AppleMapView.swift */ = {isa = PBXFileReference; lastKnownFileType = sourcecode.swift; path = AppleMapView.swift; sourceTree = "<group>"; };
		571C2AC62C8B118B00D4B1C2 /* AppleMapViewModel.swift */ = {isa = PBXFileReference; lastKnownFileType = sourcecode.swift; path = AppleMapViewModel.swift; sourceTree = "<group>"; };
		5729D84C2C8A0C8B008E7EAC /* locations_mock.json */ = {isa = PBXFileReference; fileEncoding = 4; lastKnownFileType = text.json; path = locations_mock.json; sourceTree = "<group>"; };
		5729D84E2C8A0CA6008E7EAC /* LocationModel.swift */ = {isa = PBXFileReference; lastKnownFileType = sourcecode.swift; path = LocationModel.swift; sourceTree = "<group>"; };
		5729D8502C8A0E96008E7EAC /* InfoCardView.swift */ = {isa = PBXFileReference; lastKnownFileType = sourcecode.swift; path = InfoCardView.swift; sourceTree = "<group>"; };
		5729D8522C8A278C008E7EAC /* StarRatingView.swift */ = {isa = PBXFileReference; lastKnownFileType = sourcecode.swift; path = StarRatingView.swift; sourceTree = "<group>"; };
		5729D8552C8A3920008E7EAC /* CardDetailView.swift */ = {isa = PBXFileReference; lastKnownFileType = sourcecode.swift; path = CardDetailView.swift; sourceTree = "<group>"; };
		579422B22C80D6CC00B38CFF /* Info.plist */ = {isa = PBXFileReference; lastKnownFileType = text.plist; path = Info.plist; sourceTree = "<group>"; };
		57B315672C80810C009FCA61 /* GuauMaps.app */ = {isa = PBXFileReference; explicitFileType = wrapper.application; includeInIndex = 0; path = GuauMaps.app; sourceTree = BUILT_PRODUCTS_DIR; };
		57B3156A2C80810C009FCA61 /* GuauMapsApp.swift */ = {isa = PBXFileReference; lastKnownFileType = sourcecode.swift; path = GuauMapsApp.swift; sourceTree = "<group>"; };
		57B3156E2C80810D009FCA61 /* Assets.xcassets */ = {isa = PBXFileReference; lastKnownFileType = folder.assetcatalog; path = Assets.xcassets; sourceTree = "<group>"; };
		57B315712C80810D009FCA61 /* Preview Assets.xcassets */ = {isa = PBXFileReference; lastKnownFileType = folder.assetcatalog; path = "Preview Assets.xcassets"; sourceTree = "<group>"; };
		57B315772C80810D009FCA61 /* GuauMapsTests.xctest */ = {isa = PBXFileReference; explicitFileType = wrapper.cfbundle; includeInIndex = 0; path = GuauMapsTests.xctest; sourceTree = BUILT_PRODUCTS_DIR; };
		57B3157B2C80810D009FCA61 /* GuauMapsTests.swift */ = {isa = PBXFileReference; lastKnownFileType = sourcecode.swift; path = GuauMapsTests.swift; sourceTree = "<group>"; };
		57B315812C80810D009FCA61 /* GuauMapsUITests.xctest */ = {isa = PBXFileReference; explicitFileType = wrapper.cfbundle; includeInIndex = 0; path = GuauMapsUITests.xctest; sourceTree = BUILT_PRODUCTS_DIR; };
		57B315852C80810D009FCA61 /* GuauMapsUITests.swift */ = {isa = PBXFileReference; lastKnownFileType = sourcecode.swift; path = GuauMapsUITests.swift; sourceTree = "<group>"; };
		57B315872C80810D009FCA61 /* GuauMapsUITestsLaunchTests.swift */ = {isa = PBXFileReference; lastKnownFileType = sourcecode.swift; path = GuauMapsUITestsLaunchTests.swift; sourceTree = "<group>"; };
		57B4DB2B2C80F394009F8D16 /* Configuration.plist */ = {isa = PBXFileReference; fileEncoding = 4; lastKnownFileType = text.plist.xml; path = Configuration.plist; sourceTree = "<group>"; };
		67525FD2923DF3EB2BEE2505 /* Pods_GuauMapsTests.framework */ = {isa = PBXFileReference; explicitFileType = wrapper.framework; includeInIndex = 0; path = Pods_GuauMapsTests.framework; sourceTree = BUILT_PRODUCTS_DIR; };
		7C547A411D921658A8495EC1 /* Pods_GuauMaps.framework */ = {isa = PBXFileReference; explicitFileType = wrapper.framework; includeInIndex = 0; path = Pods_GuauMaps.framework; sourceTree = BUILT_PRODUCTS_DIR; };
		B3E48947A6415D1762D1A1AB /* Pods-GuauMaps.release.xcconfig */ = {isa = PBXFileReference; includeInIndex = 1; lastKnownFileType = text.xcconfig; name = "Pods-GuauMaps.release.xcconfig"; path = "Target Support Files/Pods-GuauMaps/Pods-GuauMaps.release.xcconfig"; sourceTree = "<group>"; };
		EFA82CDFC7F24B741B87DCEF /* Pods_GuauMaps_GuauMapsUITests.framework */ = {isa = PBXFileReference; explicitFileType = wrapper.framework; includeInIndex = 0; path = Pods_GuauMaps_GuauMapsUITests.framework; sourceTree = BUILT_PRODUCTS_DIR; };
/* End PBXFileReference section */

/* Begin PBXFrameworksBuildPhase section */
		57B315642C80810C009FCA61 /* Frameworks */ = {
			isa = PBXFrameworksBuildPhase;
			buildActionMask = 2147483647;
			files = (
				22FAA2E4A5DE642E286DB120 /* Pods_GuauMaps.framework in Frameworks */,
			);
			runOnlyForDeploymentPostprocessing = 0;
		};
		57B315742C80810D009FCA61 /* Frameworks */ = {
			isa = PBXFrameworksBuildPhase;
			buildActionMask = 2147483647;
			files = (
				CD254040072CD9021C9F6381 /* Pods_GuauMapsTests.framework in Frameworks */,
			);
			runOnlyForDeploymentPostprocessing = 0;
		};
		57B3157E2C80810D009FCA61 /* Frameworks */ = {
			isa = PBXFrameworksBuildPhase;
			buildActionMask = 2147483647;
			files = (
				D16151A7FBC3C253900288E6 /* Pods_GuauMaps_GuauMapsUITests.framework in Frameworks */,
			);
			runOnlyForDeploymentPostprocessing = 0;
		};
/* End PBXFrameworksBuildPhase section */

/* Begin PBXGroup section */
		50268D11EBC98B9189D44818 /* Pods */ = {
			isa = PBXGroup;
			children = (
				1A280C94C6102B5C7DE379D2 /* Pods-GuauMaps.debug.xcconfig */,
				B3E48947A6415D1762D1A1AB /* Pods-GuauMaps.release.xcconfig */,
				09D4FEA1DA59FB1D6171EAA4 /* Pods-GuauMaps-GuauMapsUITests.debug.xcconfig */,
				17E264C46A4481032E509E69 /* Pods-GuauMaps-GuauMapsUITests.release.xcconfig */,
				497E9BE6CFF0EFE31CD639B9 /* Pods-GuauMapsTests.debug.xcconfig */,
				337A3066B890CC6AD6DD549E /* Pods-GuauMapsTests.release.xcconfig */,
			);
			path = Pods;
			sourceTree = "<group>";
		};
		570126F72C80E03300C858F9 /* Models */ = {
			isa = PBXGroup;
			children = (
				5729D84E2C8A0CA6008E7EAC /* LocationModel.swift */,
			);
			path = Models;
			sourceTree = "<group>";
		};
		570126F82C80E03E00C858F9 /* Utils */ = {
			isa = PBXGroup;
			children = (
			);
			path = Utils;
			sourceTree = "<group>";
		};
		570126F92C80E04B00C858F9 /* App */ = {
			isa = PBXGroup;
			children = (
				571C2ABD2C8AFF8F00D4B1C2 /* GoogleMapsView */,
				5729D8542C8A390F008E7EAC /* CardDetailView */,
				570126FD2C80E15F00C858F9 /* MainView */,
			);
			path = App;
			sourceTree = "<group>";
		};
		570126FA2C80E0D900C858F9 /* View */ = {
			isa = PBXGroup;
			children = (
				571C2AC52C8B116500D4B1C2 /* AppleMapView */,
				570126FB2C80E11300C858F9 /* MapView.swift */,
				5729D8502C8A0E96008E7EAC /* InfoCardView.swift */,
				5729D8522C8A278C008E7EAC /* StarRatingView.swift */,
			);
			path = View;
			sourceTree = "<group>";
		};
		570126FD2C80E15F00C858F9 /* MainView */ = {
			isa = PBXGroup;
			children = (
				570126FE2C80E17500C858F9 /* MainView.swift */,
			);
			path = MainView;
			sourceTree = "<group>";
		};
		571C2ABD2C8AFF8F00D4B1C2 /* GoogleMapsView */ = {
			isa = PBXGroup;
			children = (
				571C2ABE2C8AFFA100D4B1C2 /* GoogleMapsView.swift */,
			);
			path = GoogleMapsView;
			sourceTree = "<group>";
		};
		571C2AC52C8B116500D4B1C2 /* AppleMapView */ = {
			isa = PBXGroup;
			children = (
				571C2AC32C8B051A00D4B1C2 /* AppleMapView.swift */,
				571C2AC62C8B118B00D4B1C2 /* AppleMapViewModel.swift */,
			);
			path = AppleMapView;
			sourceTree = "<group>";
		};
		5729D8542C8A390F008E7EAC /* CardDetailView */ = {
			isa = PBXGroup;
			children = (
				5729D8552C8A3920008E7EAC /* CardDetailView.swift */,
			);
			path = CardDetailView;
			sourceTree = "<group>";
		};
		57B3155E2C80810C009FCA61 = {
			isa = PBXGroup;
			children = (
				57B315692C80810C009FCA61 /* GuauMaps */,
				57B3157A2C80810D009FCA61 /* GuauMapsTests */,
				57B315842C80810D009FCA61 /* GuauMapsUITests */,
				57B315682C80810C009FCA61 /* Products */,
				50268D11EBC98B9189D44818 /* Pods */,
				A7EC3F187EE1E322EDC6A27A /* Frameworks */,
			);
			sourceTree = "<group>";
		};
		57B315682C80810C009FCA61 /* Products */ = {
			isa = PBXGroup;
			children = (
				57B315672C80810C009FCA61 /* GuauMaps.app */,
				57B315772C80810D009FCA61 /* GuauMapsTests.xctest */,
				57B315812C80810D009FCA61 /* GuauMapsUITests.xctest */,
			);
			name = Products;
			sourceTree = "<group>";
		};
		57B315692C80810C009FCA61 /* GuauMaps */ = {
			isa = PBXGroup;
			children = (
				5729D84C2C8A0C8B008E7EAC /* locations_mock.json */,
				570126FA2C80E0D900C858F9 /* View */,
				570126F92C80E04B00C858F9 /* App */,
				570126F82C80E03E00C858F9 /* Utils */,
				570126F72C80E03300C858F9 /* Models */,
				579422B22C80D6CC00B38CFF /* Info.plist */,
				57B3156A2C80810C009FCA61 /* GuauMapsApp.swift */,
				570126F52C80DC6800C858F9 /* AppDelegate.swift */,
				57B4DB2B2C80F394009F8D16 /* Configuration.plist */,
				57B3156E2C80810D009FCA61 /* Assets.xcassets */,
				57B315702C80810D009FCA61 /* Preview Content */,
			);
			path = GuauMaps;
			sourceTree = "<group>";
		};
		57B315702C80810D009FCA61 /* Preview Content */ = {
			isa = PBXGroup;
			children = (
				57B315712C80810D009FCA61 /* Preview Assets.xcassets */,
			);
			path = "Preview Content";
			sourceTree = "<group>";
		};
		57B3157A2C80810D009FCA61 /* GuauMapsTests */ = {
			isa = PBXGroup;
			children = (
				57B3157B2C80810D009FCA61 /* GuauMapsTests.swift */,
			);
			path = GuauMapsTests;
			sourceTree = "<group>";
		};
		57B315842C80810D009FCA61 /* GuauMapsUITests */ = {
			isa = PBXGroup;
			children = (
				57B315852C80810D009FCA61 /* GuauMapsUITests.swift */,
				57B315872C80810D009FCA61 /* GuauMapsUITestsLaunchTests.swift */,
			);
			path = GuauMapsUITests;
			sourceTree = "<group>";
		};
		A7EC3F187EE1E322EDC6A27A /* Frameworks */ = {
			isa = PBXGroup;
			children = (
				7C547A411D921658A8495EC1 /* Pods_GuauMaps.framework */,
				EFA82CDFC7F24B741B87DCEF /* Pods_GuauMaps_GuauMapsUITests.framework */,
				67525FD2923DF3EB2BEE2505 /* Pods_GuauMapsTests.framework */,
			);
			name = Frameworks;
			sourceTree = "<group>";
		};
/* End PBXGroup section */

/* Begin PBXNativeTarget section */
		57B315662C80810C009FCA61 /* GuauMaps */ = {
			isa = PBXNativeTarget;
			buildConfigurationList = 57B3158B2C80810D009FCA61 /* Build configuration list for PBXNativeTarget "GuauMaps" */;
			buildPhases = (
				F59BB49BCF5C4CC42AB30B45 /* [CP] Check Pods Manifest.lock */,
				57B315632C80810C009FCA61 /* Sources */,
				57B315642C80810C009FCA61 /* Frameworks */,
				57B315652C80810C009FCA61 /* Resources */,
				577C60982C80C6A00024223B /* SwiftLint */,
				AABC89F01DFB7F551395DE0B /* [CP] Embed Pods Frameworks */,
				439B14DDD550F0C8EF4A4BBE /* [CP] Copy Pods Resources */,
			);
			buildRules = (
			);
			dependencies = (
			);
			name = GuauMaps;
			productName = GuauMaps;
			productReference = 57B315672C80810C009FCA61 /* GuauMaps.app */;
			productType = "com.apple.product-type.application";
		};
		57B315762C80810D009FCA61 /* GuauMapsTests */ = {
			isa = PBXNativeTarget;
			buildConfigurationList = 57B3158E2C80810D009FCA61 /* Build configuration list for PBXNativeTarget "GuauMapsTests" */;
			buildPhases = (
				95A6125AA2E164C7F7A11D84 /* [CP] Check Pods Manifest.lock */,
				57B315732C80810D009FCA61 /* Sources */,
				57B315742C80810D009FCA61 /* Frameworks */,
				57B315752C80810D009FCA61 /* Resources */,
			);
			buildRules = (
			);
			dependencies = (
				57B315792C80810D009FCA61 /* PBXTargetDependency */,
			);
			name = GuauMapsTests;
			productName = GuauMapsTests;
			productReference = 57B315772C80810D009FCA61 /* GuauMapsTests.xctest */;
			productType = "com.apple.product-type.bundle.unit-test";
		};
		57B315802C80810D009FCA61 /* GuauMapsUITests */ = {
			isa = PBXNativeTarget;
			buildConfigurationList = 57B315912C80810D009FCA61 /* Build configuration list for PBXNativeTarget "GuauMapsUITests" */;
			buildPhases = (
				013E2E25BE3F53FC5C9650BE /* [CP] Check Pods Manifest.lock */,
				57B3157D2C80810D009FCA61 /* Sources */,
				57B3157E2C80810D009FCA61 /* Frameworks */,
				57B3157F2C80810D009FCA61 /* Resources */,
				1C3056D8710994CAFF2361E3 /* [CP] Embed Pods Frameworks */,
				DF837A76D5456E1BDE1C2071 /* [CP] Copy Pods Resources */,
			);
			buildRules = (
			);
			dependencies = (
				57B315832C80810D009FCA61 /* PBXTargetDependency */,
			);
			name = GuauMapsUITests;
			productName = GuauMapsUITests;
			productReference = 57B315812C80810D009FCA61 /* GuauMapsUITests.xctest */;
			productType = "com.apple.product-type.bundle.ui-testing";
		};
/* End PBXNativeTarget section */

/* Begin PBXProject section */
		57B3155F2C80810C009FCA61 /* Project object */ = {
			isa = PBXProject;
			attributes = {
				BuildIndependentTargetsInParallel = 1;
				LastSwiftUpdateCheck = 1540;
				LastUpgradeCheck = 1540;
				TargetAttributes = {
					57B315662C80810C009FCA61 = {
						CreatedOnToolsVersion = 15.4;
					};
					57B315762C80810D009FCA61 = {
						CreatedOnToolsVersion = 15.4;
						TestTargetID = 57B315662C80810C009FCA61;
					};
					57B315802C80810D009FCA61 = {
						CreatedOnToolsVersion = 15.4;
						TestTargetID = 57B315662C80810C009FCA61;
					};
				};
			};
			buildConfigurationList = 57B315622C80810C009FCA61 /* Build configuration list for PBXProject "GuauMaps" */;
			compatibilityVersion = "Xcode 14.0";
			developmentRegion = en;
			hasScannedForEncodings = 0;
			knownRegions = (
				en,
				Base,
			);
			mainGroup = 57B3155E2C80810C009FCA61;
			productRefGroup = 57B315682C80810C009FCA61 /* Products */;
			projectDirPath = "";
			projectRoot = "";
			targets = (
				57B315662C80810C009FCA61 /* GuauMaps */,
				57B315762C80810D009FCA61 /* GuauMapsTests */,
				57B315802C80810D009FCA61 /* GuauMapsUITests */,
			);
		};
/* End PBXProject section */

/* Begin PBXResourcesBuildPhase section */
		57B315652C80810C009FCA61 /* Resources */ = {
			isa = PBXResourcesBuildPhase;
			buildActionMask = 2147483647;
			files = (
				5729D84D2C8A0C8B008E7EAC /* locations_mock.json in Resources */,
				57B4DB2C2C80F394009F8D16 /* Configuration.plist in Resources */,
				57B315722C80810D009FCA61 /* Preview Assets.xcassets in Resources */,
				57B3156F2C80810D009FCA61 /* Assets.xcassets in Resources */,
			);
			runOnlyForDeploymentPostprocessing = 0;
		};
		57B315752C80810D009FCA61 /* Resources */ = {
			isa = PBXResourcesBuildPhase;
			buildActionMask = 2147483647;
			files = (
			);
			runOnlyForDeploymentPostprocessing = 0;
		};
		57B3157F2C80810D009FCA61 /* Resources */ = {
			isa = PBXResourcesBuildPhase;
			buildActionMask = 2147483647;
			files = (
			);
			runOnlyForDeploymentPostprocessing = 0;
		};
/* End PBXResourcesBuildPhase section */

/* Begin PBXShellScriptBuildPhase section */
		013E2E25BE3F53FC5C9650BE /* [CP] Check Pods Manifest.lock */ = {
			isa = PBXShellScriptBuildPhase;
			buildActionMask = 2147483647;
			files = (
			);
			inputFileListPaths = (
			);
			inputPaths = (
				"${PODS_PODFILE_DIR_PATH}/Podfile.lock",
				"${PODS_ROOT}/Manifest.lock",
			);
			name = "[CP] Check Pods Manifest.lock";
			outputFileListPaths = (
			);
			outputPaths = (
				"$(DERIVED_FILE_DIR)/Pods-GuauMaps-GuauMapsUITests-checkManifestLockResult.txt",
			);
			runOnlyForDeploymentPostprocessing = 0;
			shellPath = /bin/sh;
			shellScript = "diff \"${PODS_PODFILE_DIR_PATH}/Podfile.lock\" \"${PODS_ROOT}/Manifest.lock\" > /dev/null\nif [ $? != 0 ] ; then\n    # print error to STDERR\n    echo \"error: The sandbox is not in sync with the Podfile.lock. Run 'pod install' or update your CocoaPods installation.\" >&2\n    exit 1\nfi\n# This output is used by Xcode 'outputs' to avoid re-running this script phase.\necho \"SUCCESS\" > \"${SCRIPT_OUTPUT_FILE_0}\"\n";
			showEnvVarsInLog = 0;
		};
		1C3056D8710994CAFF2361E3 /* [CP] Embed Pods Frameworks */ = {
			isa = PBXShellScriptBuildPhase;
			buildActionMask = 2147483647;
			files = (
			);
			inputFileListPaths = (
				"${PODS_ROOT}/Target Support Files/Pods-GuauMaps-GuauMapsUITests/Pods-GuauMaps-GuauMapsUITests-frameworks-${CONFIGURATION}-input-files.xcfilelist",
			);
			name = "[CP] Embed Pods Frameworks";
			outputFileListPaths = (
				"${PODS_ROOT}/Target Support Files/Pods-GuauMaps-GuauMapsUITests/Pods-GuauMaps-GuauMapsUITests-frameworks-${CONFIGURATION}-output-files.xcfilelist",
			);
			runOnlyForDeploymentPostprocessing = 0;
			shellPath = /bin/sh;
			shellScript = "\"${PODS_ROOT}/Target Support Files/Pods-GuauMaps-GuauMapsUITests/Pods-GuauMaps-GuauMapsUITests-frameworks.sh\"\n";
			showEnvVarsInLog = 0;
		};
		439B14DDD550F0C8EF4A4BBE /* [CP] Copy Pods Resources */ = {
			isa = PBXShellScriptBuildPhase;
			buildActionMask = 2147483647;
			files = (
			);
			inputFileListPaths = (
				"${PODS_ROOT}/Target Support Files/Pods-GuauMaps/Pods-GuauMaps-resources-${CONFIGURATION}-input-files.xcfilelist",
			);
			name = "[CP] Copy Pods Resources";
			outputFileListPaths = (
				"${PODS_ROOT}/Target Support Files/Pods-GuauMaps/Pods-GuauMaps-resources-${CONFIGURATION}-output-files.xcfilelist",
			);
			runOnlyForDeploymentPostprocessing = 0;
			shellPath = /bin/sh;
			shellScript = "\"${PODS_ROOT}/Target Support Files/Pods-GuauMaps/Pods-GuauMaps-resources.sh\"\n";
			showEnvVarsInLog = 0;
		};
		577C60982C80C6A00024223B /* SwiftLint */ = {
			isa = PBXShellScriptBuildPhase;
			buildActionMask = 2147483647;
			files = (
			);
			inputFileListPaths = (
			);
			inputPaths = (
			);
			name = SwiftLint;
			outputFileListPaths = (
			);
			outputPaths = (
			);
			runOnlyForDeploymentPostprocessing = 0;
			shellPath = /bin/sh;
			shellScript = "export PATH=\"$PATH:/opt/homebrew/bin\"\nif which swiftlint > /dev/null; then\n  swiftlint\nelse\n  echo \"warning: SwiftLint not installed, download from https://github.com/realm/SwiftLint\"\nfi\n\n";
		};
		95A6125AA2E164C7F7A11D84 /* [CP] Check Pods Manifest.lock */ = {
			isa = PBXShellScriptBuildPhase;
			buildActionMask = 2147483647;
			files = (
			);
			inputFileListPaths = (
			);
			inputPaths = (
				"${PODS_PODFILE_DIR_PATH}/Podfile.lock",
				"${PODS_ROOT}/Manifest.lock",
			);
			name = "[CP] Check Pods Manifest.lock";
			outputFileListPaths = (
			);
			outputPaths = (
				"$(DERIVED_FILE_DIR)/Pods-GuauMapsTests-checkManifestLockResult.txt",
			);
			runOnlyForDeploymentPostprocessing = 0;
			shellPath = /bin/sh;
			shellScript = "diff \"${PODS_PODFILE_DIR_PATH}/Podfile.lock\" \"${PODS_ROOT}/Manifest.lock\" > /dev/null\nif [ $? != 0 ] ; then\n    # print error to STDERR\n    echo \"error: The sandbox is not in sync with the Podfile.lock. Run 'pod install' or update your CocoaPods installation.\" >&2\n    exit 1\nfi\n# This output is used by Xcode 'outputs' to avoid re-running this script phase.\necho \"SUCCESS\" > \"${SCRIPT_OUTPUT_FILE_0}\"\n";
			showEnvVarsInLog = 0;
		};
		AABC89F01DFB7F551395DE0B /* [CP] Embed Pods Frameworks */ = {
			isa = PBXShellScriptBuildPhase;
			buildActionMask = 2147483647;
			files = (
			);
			inputFileListPaths = (
				"${PODS_ROOT}/Target Support Files/Pods-GuauMaps/Pods-GuauMaps-frameworks-${CONFIGURATION}-input-files.xcfilelist",
			);
			name = "[CP] Embed Pods Frameworks";
			outputFileListPaths = (
				"${PODS_ROOT}/Target Support Files/Pods-GuauMaps/Pods-GuauMaps-frameworks-${CONFIGURATION}-output-files.xcfilelist",
			);
			runOnlyForDeploymentPostprocessing = 0;
			shellPath = /bin/sh;
			shellScript = "\"${PODS_ROOT}/Target Support Files/Pods-GuauMaps/Pods-GuauMaps-frameworks.sh\"\n";
			showEnvVarsInLog = 0;
		};
		DF837A76D5456E1BDE1C2071 /* [CP] Copy Pods Resources */ = {
			isa = PBXShellScriptBuildPhase;
			buildActionMask = 2147483647;
			files = (
			);
			inputFileListPaths = (
				"${PODS_ROOT}/Target Support Files/Pods-GuauMaps-GuauMapsUITests/Pods-GuauMaps-GuauMapsUITests-resources-${CONFIGURATION}-input-files.xcfilelist",
			);
			name = "[CP] Copy Pods Resources";
			outputFileListPaths = (
				"${PODS_ROOT}/Target Support Files/Pods-GuauMaps-GuauMapsUITests/Pods-GuauMaps-GuauMapsUITests-resources-${CONFIGURATION}-output-files.xcfilelist",
			);
			runOnlyForDeploymentPostprocessing = 0;
			shellPath = /bin/sh;
			shellScript = "\"${PODS_ROOT}/Target Support Files/Pods-GuauMaps-GuauMapsUITests/Pods-GuauMaps-GuauMapsUITests-resources.sh\"\n";
			showEnvVarsInLog = 0;
		};
		F59BB49BCF5C4CC42AB30B45 /* [CP] Check Pods Manifest.lock */ = {
			isa = PBXShellScriptBuildPhase;
			buildActionMask = 2147483647;
			files = (
			);
			inputFileListPaths = (
			);
			inputPaths = (
				"${PODS_PODFILE_DIR_PATH}/Podfile.lock",
				"${PODS_ROOT}/Manifest.lock",
			);
			name = "[CP] Check Pods Manifest.lock";
			outputFileListPaths = (
			);
			outputPaths = (
				"$(DERIVED_FILE_DIR)/Pods-GuauMaps-checkManifestLockResult.txt",
			);
			runOnlyForDeploymentPostprocessing = 0;
			shellPath = /bin/sh;
			shellScript = "diff \"${PODS_PODFILE_DIR_PATH}/Podfile.lock\" \"${PODS_ROOT}/Manifest.lock\" > /dev/null\nif [ $? != 0 ] ; then\n    # print error to STDERR\n    echo \"error: The sandbox is not in sync with the Podfile.lock. Run 'pod install' or update your CocoaPods installation.\" >&2\n    exit 1\nfi\n# This output is used by Xcode 'outputs' to avoid re-running this script phase.\necho \"SUCCESS\" > \"${SCRIPT_OUTPUT_FILE_0}\"\n";
			showEnvVarsInLog = 0;
		};
/* End PBXShellScriptBuildPhase section */

/* Begin PBXSourcesBuildPhase section */
		57B315632C80810C009FCA61 /* Sources */ = {
			isa = PBXSourcesBuildPhase;
			buildActionMask = 2147483647;
			files = (
				5729D8532C8A278C008E7EAC /* StarRatingView.swift in Sources */,
				570126F62C80DC6800C858F9 /* AppDelegate.swift in Sources */,
				570126FC2C80E11300C858F9 /* MapView.swift in Sources */,
				571C2ABF2C8AFFA100D4B1C2 /* GoogleMapsView.swift in Sources */,
				570126FF2C80E17500C858F9 /* MainView.swift in Sources */,
				5729D84F2C8A0CA6008E7EAC /* LocationModel.swift in Sources */,
				571C2AC72C8B118B00D4B1C2 /* AppleMapViewModel.swift in Sources */,
				571C2AC42C8B051A00D4B1C2 /* AppleMapView.swift in Sources */,
				5729D8512C8A0E96008E7EAC /* InfoCardView.swift in Sources */,
				57B3156B2C80810C009FCA61 /* GuauMapsApp.swift in Sources */,
				5729D8562C8A3920008E7EAC /* CardDetailView.swift in Sources */,
			);
			runOnlyForDeploymentPostprocessing = 0;
		};
		57B315732C80810D009FCA61 /* Sources */ = {
			isa = PBXSourcesBuildPhase;
			buildActionMask = 2147483647;
			files = (
				57B3157C2C80810D009FCA61 /* GuauMapsTests.swift in Sources */,
			);
			runOnlyForDeploymentPostprocessing = 0;
		};
		57B3157D2C80810D009FCA61 /* Sources */ = {
			isa = PBXSourcesBuildPhase;
			buildActionMask = 2147483647;
			files = (
				57B315882C80810D009FCA61 /* GuauMapsUITestsLaunchTests.swift in Sources */,
				57B315862C80810D009FCA61 /* GuauMapsUITests.swift in Sources */,
			);
			runOnlyForDeploymentPostprocessing = 0;
		};
/* End PBXSourcesBuildPhase section */

/* Begin PBXTargetDependency section */
		57B315792C80810D009FCA61 /* PBXTargetDependency */ = {
			isa = PBXTargetDependency;
			target = 57B315662C80810C009FCA61 /* GuauMaps */;
			targetProxy = 57B315782C80810D009FCA61 /* PBXContainerItemProxy */;
		};
		57B315832C80810D009FCA61 /* PBXTargetDependency */ = {
			isa = PBXTargetDependency;
			target = 57B315662C80810C009FCA61 /* GuauMaps */;
			targetProxy = 57B315822C80810D009FCA61 /* PBXContainerItemProxy */;
		};
/* End PBXTargetDependency section */

/* Begin XCBuildConfiguration section */
		57B315892C80810D009FCA61 /* Debug */ = {
			isa = XCBuildConfiguration;
			buildSettings = {
				ALWAYS_SEARCH_USER_PATHS = NO;
				ASSETCATALOG_COMPILER_GENERATE_SWIFT_ASSET_SYMBOL_EXTENSIONS = YES;
				CLANG_ANALYZER_NONNULL = YES;
				CLANG_ANALYZER_NUMBER_OBJECT_CONVERSION = YES_AGGRESSIVE;
				CLANG_CXX_LANGUAGE_STANDARD = "gnu++20";
				CLANG_ENABLE_MODULES = YES;
				CLANG_ENABLE_OBJC_ARC = YES;
				CLANG_ENABLE_OBJC_WEAK = YES;
				CLANG_WARN_BLOCK_CAPTURE_AUTORELEASING = YES;
				CLANG_WARN_BOOL_CONVERSION = YES;
				CLANG_WARN_COMMA = YES;
				CLANG_WARN_CONSTANT_CONVERSION = YES;
				CLANG_WARN_DEPRECATED_OBJC_IMPLEMENTATIONS = YES;
				CLANG_WARN_DIRECT_OBJC_ISA_USAGE = YES_ERROR;
				CLANG_WARN_DOCUMENTATION_COMMENTS = YES;
				CLANG_WARN_EMPTY_BODY = YES;
				CLANG_WARN_ENUM_CONVERSION = YES;
				CLANG_WARN_INFINITE_RECURSION = YES;
				CLANG_WARN_INT_CONVERSION = YES;
				CLANG_WARN_NON_LITERAL_NULL_CONVERSION = YES;
				CLANG_WARN_OBJC_IMPLICIT_RETAIN_SELF = YES;
				CLANG_WARN_OBJC_LITERAL_CONVERSION = YES;
				CLANG_WARN_OBJC_ROOT_CLASS = YES_ERROR;
				CLANG_WARN_QUOTED_INCLUDE_IN_FRAMEWORK_HEADER = YES;
				CLANG_WARN_RANGE_LOOP_ANALYSIS = YES;
				CLANG_WARN_STRICT_PROTOTYPES = YES;
				CLANG_WARN_SUSPICIOUS_MOVE = YES;
				CLANG_WARN_UNGUARDED_AVAILABILITY = YES_AGGRESSIVE;
				CLANG_WARN_UNREACHABLE_CODE = YES;
				CLANG_WARN__DUPLICATE_METHOD_MATCH = YES;
				COPY_PHASE_STRIP = NO;
				DEBUG_INFORMATION_FORMAT = dwarf;
				ENABLE_STRICT_OBJC_MSGSEND = YES;
				ENABLE_TESTABILITY = YES;
				ENABLE_USER_SCRIPT_SANDBOXING = YES;
				GCC_C_LANGUAGE_STANDARD = gnu17;
				GCC_DYNAMIC_NO_PIC = NO;
				GCC_NO_COMMON_BLOCKS = YES;
				GCC_OPTIMIZATION_LEVEL = 0;
				GCC_PREPROCESSOR_DEFINITIONS = (
					"DEBUG=1",
					"$(inherited)",
				);
				GCC_WARN_64_TO_32_BIT_CONVERSION = YES;
				GCC_WARN_ABOUT_RETURN_TYPE = YES_ERROR;
				GCC_WARN_UNDECLARED_SELECTOR = YES;
				GCC_WARN_UNINITIALIZED_AUTOS = YES_AGGRESSIVE;
				GCC_WARN_UNUSED_FUNCTION = YES;
				GCC_WARN_UNUSED_VARIABLE = YES;
				IPHONEOS_DEPLOYMENT_TARGET = 17.5;
				LOCALIZATION_PREFERS_STRING_CATALOGS = YES;
				MTL_ENABLE_DEBUG_INFO = INCLUDE_SOURCE;
				MTL_FAST_MATH = YES;
				ONLY_ACTIVE_ARCH = YES;
				SDKROOT = iphoneos;
				SWIFT_ACTIVE_COMPILATION_CONDITIONS = "DEBUG $(inherited)";
				SWIFT_OPTIMIZATION_LEVEL = "-Onone";
			};
			name = Debug;
		};
		57B3158A2C80810D009FCA61 /* Release */ = {
			isa = XCBuildConfiguration;
			buildSettings = {
				ALWAYS_SEARCH_USER_PATHS = NO;
				ASSETCATALOG_COMPILER_GENERATE_SWIFT_ASSET_SYMBOL_EXTENSIONS = YES;
				CLANG_ANALYZER_NONNULL = YES;
				CLANG_ANALYZER_NUMBER_OBJECT_CONVERSION = YES_AGGRESSIVE;
				CLANG_CXX_LANGUAGE_STANDARD = "gnu++20";
				CLANG_ENABLE_MODULES = YES;
				CLANG_ENABLE_OBJC_ARC = YES;
				CLANG_ENABLE_OBJC_WEAK = YES;
				CLANG_WARN_BLOCK_CAPTURE_AUTORELEASING = YES;
				CLANG_WARN_BOOL_CONVERSION = YES;
				CLANG_WARN_COMMA = YES;
				CLANG_WARN_CONSTANT_CONVERSION = YES;
				CLANG_WARN_DEPRECATED_OBJC_IMPLEMENTATIONS = YES;
				CLANG_WARN_DIRECT_OBJC_ISA_USAGE = YES_ERROR;
				CLANG_WARN_DOCUMENTATION_COMMENTS = YES;
				CLANG_WARN_EMPTY_BODY = YES;
				CLANG_WARN_ENUM_CONVERSION = YES;
				CLANG_WARN_INFINITE_RECURSION = YES;
				CLANG_WARN_INT_CONVERSION = YES;
				CLANG_WARN_NON_LITERAL_NULL_CONVERSION = YES;
				CLANG_WARN_OBJC_IMPLICIT_RETAIN_SELF = YES;
				CLANG_WARN_OBJC_LITERAL_CONVERSION = YES;
				CLANG_WARN_OBJC_ROOT_CLASS = YES_ERROR;
				CLANG_WARN_QUOTED_INCLUDE_IN_FRAMEWORK_HEADER = YES;
				CLANG_WARN_RANGE_LOOP_ANALYSIS = YES;
				CLANG_WARN_STRICT_PROTOTYPES = YES;
				CLANG_WARN_SUSPICIOUS_MOVE = YES;
				CLANG_WARN_UNGUARDED_AVAILABILITY = YES_AGGRESSIVE;
				CLANG_WARN_UNREACHABLE_CODE = YES;
				CLANG_WARN__DUPLICATE_METHOD_MATCH = YES;
				COPY_PHASE_STRIP = NO;
				DEBUG_INFORMATION_FORMAT = "dwarf-with-dsym";
				ENABLE_NS_ASSERTIONS = NO;
				ENABLE_STRICT_OBJC_MSGSEND = YES;
				ENABLE_USER_SCRIPT_SANDBOXING = YES;
				GCC_C_LANGUAGE_STANDARD = gnu17;
				GCC_NO_COMMON_BLOCKS = YES;
				GCC_WARN_64_TO_32_BIT_CONVERSION = YES;
				GCC_WARN_ABOUT_RETURN_TYPE = YES_ERROR;
				GCC_WARN_UNDECLARED_SELECTOR = YES;
				GCC_WARN_UNINITIALIZED_AUTOS = YES_AGGRESSIVE;
				GCC_WARN_UNUSED_FUNCTION = YES;
				GCC_WARN_UNUSED_VARIABLE = YES;
				IPHONEOS_DEPLOYMENT_TARGET = 17.5;
				LOCALIZATION_PREFERS_STRING_CATALOGS = YES;
				MTL_ENABLE_DEBUG_INFO = NO;
				MTL_FAST_MATH = YES;
				SDKROOT = iphoneos;
				SWIFT_COMPILATION_MODE = wholemodule;
				VALIDATE_PRODUCT = YES;
			};
			name = Release;
		};
		57B3158C2C80810D009FCA61 /* Debug */ = {
			isa = XCBuildConfiguration;
			baseConfigurationReference = 1A280C94C6102B5C7DE379D2 /* Pods-GuauMaps.debug.xcconfig */;
			buildSettings = {
				ASSETCATALOG_COMPILER_APPICON_NAME = AppIcon;
				ASSETCATALOG_COMPILER_GLOBAL_ACCENT_COLOR_NAME = AccentColor;
				CODE_SIGN_STYLE = Automatic;
				CURRENT_PROJECT_VERSION = 1;
				DEVELOPMENT_ASSET_PATHS = "\"GuauMaps/Preview Content\"";
				DEVELOPMENT_TEAM = BD25VMM275;
				ENABLE_PREVIEWS = YES;
				ENABLE_USER_SCRIPT_SANDBOXING = NO;
				GENERATE_INFOPLIST_FILE = YES;
				INFOPLIST_FILE = GuauMaps/Info.plist;
				INFOPLIST_KEY_NSLocationAlwaysUsageDescription = "We need access to your location to provide personalized services while you use the app.";
				INFOPLIST_KEY_NSLocationWhenInUseUsageDescription = "We need access to your location to provide personalized services while you use the app.";
				INFOPLIST_KEY_UIApplicationSceneManifest_Generation = YES;
				INFOPLIST_KEY_UIApplicationSupportsIndirectInputEvents = YES;
				INFOPLIST_KEY_UILaunchScreen_Generation = YES;
				INFOPLIST_KEY_UISupportedInterfaceOrientations_iPad = "UIInterfaceOrientationPortrait UIInterfaceOrientationPortraitUpsideDown UIInterfaceOrientationLandscapeLeft UIInterfaceOrientationLandscapeRight";
				INFOPLIST_KEY_UISupportedInterfaceOrientations_iPhone = "UIInterfaceOrientationPortrait UIInterfaceOrientationLandscapeLeft UIInterfaceOrientationLandscapeRight";
				LD_RUNPATH_SEARCH_PATHS = (
					"$(inherited)",
					"@executable_path/Frameworks",
				);
				MARKETING_VERSION = 1.0;
				PRODUCT_BUNDLE_IDENTIFIER = com.guaumaps.guaumaps;
				PRODUCT_NAME = "$(TARGET_NAME)";
				SWIFT_EMIT_LOC_STRINGS = YES;
				SWIFT_VERSION = 5.0;
				TARGETED_DEVICE_FAMILY = "1,2";
			};
			name = Debug;
		};
		57B3158D2C80810D009FCA61 /* Release */ = {
			isa = XCBuildConfiguration;
			baseConfigurationReference = B3E48947A6415D1762D1A1AB /* Pods-GuauMaps.release.xcconfig */;
			buildSettings = {
				ASSETCATALOG_COMPILER_APPICON_NAME = AppIcon;
				ASSETCATALOG_COMPILER_GLOBAL_ACCENT_COLOR_NAME = AccentColor;
				CODE_SIGN_STYLE = Automatic;
				CURRENT_PROJECT_VERSION = 1;
				DEVELOPMENT_ASSET_PATHS = "\"GuauMaps/Preview Content\"";
				DEVELOPMENT_TEAM = BD25VMM275;
				ENABLE_PREVIEWS = YES;
				ENABLE_USER_SCRIPT_SANDBOXING = NO;
				GENERATE_INFOPLIST_FILE = YES;
				INFOPLIST_FILE = GuauMaps/Info.plist;
				INFOPLIST_KEY_NSLocationAlwaysUsageDescription = "We need access to your location to provide personalized services while you use the app.";
				INFOPLIST_KEY_NSLocationWhenInUseUsageDescription = "We need access to your location to provide personalized services while you use the app.";
				INFOPLIST_KEY_UIApplicationSceneManifest_Generation = YES;
				INFOPLIST_KEY_UIApplicationSupportsIndirectInputEvents = YES;
				INFOPLIST_KEY_UILaunchScreen_Generation = YES;
				INFOPLIST_KEY_UISupportedInterfaceOrientations_iPad = "UIInterfaceOrientationPortrait UIInterfaceOrientationPortraitUpsideDown UIInterfaceOrientationLandscapeLeft UIInterfaceOrientationLandscapeRight";
				INFOPLIST_KEY_UISupportedInterfaceOrientations_iPhone = "UIInterfaceOrientationPortrait UIInterfaceOrientationLandscapeLeft UIInterfaceOrientationLandscapeRight";
				LD_RUNPATH_SEARCH_PATHS = (
					"$(inherited)",
					"@executable_path/Frameworks",
				);
				MARKETING_VERSION = 1.0;
				PRODUCT_BUNDLE_IDENTIFIER = com.guaumaps.guaumaps;
				PRODUCT_NAME = "$(TARGET_NAME)";
				SWIFT_EMIT_LOC_STRINGS = YES;
				SWIFT_VERSION = 5.0;
				TARGETED_DEVICE_FAMILY = "1,2";
			};
			name = Release;
		};
		57B3158F2C80810D009FCA61 /* Debug */ = {
			isa = XCBuildConfiguration;
			baseConfigurationReference = 497E9BE6CFF0EFE31CD639B9 /* Pods-GuauMapsTests.debug.xcconfig */;
			buildSettings = {
				ALWAYS_EMBED_SWIFT_STANDARD_LIBRARIES = YES;
				BUNDLE_LOADER = "$(TEST_HOST)";
				CODE_SIGN_STYLE = Automatic;
				CURRENT_PROJECT_VERSION = 1;
				DEVELOPMENT_TEAM = BD25VMM275;
				GENERATE_INFOPLIST_FILE = YES;
				IPHONEOS_DEPLOYMENT_TARGET = 17.5;
				MARKETING_VERSION = 1.0;
				PRODUCT_BUNDLE_IDENTIFIER = com.arnaurivas.GuauMapsTests;
				PRODUCT_NAME = "$(TARGET_NAME)";
				SWIFT_EMIT_LOC_STRINGS = NO;
				SWIFT_VERSION = 5.0;
				TARGETED_DEVICE_FAMILY = "1,2";
				TEST_HOST = "$(BUILT_PRODUCTS_DIR)/GuauMaps.app/$(BUNDLE_EXECUTABLE_FOLDER_PATH)/GuauMaps";
			};
			name = Debug;
		};
		57B315902C80810D009FCA61 /* Release */ = {
			isa = XCBuildConfiguration;
			baseConfigurationReference = 337A3066B890CC6AD6DD549E /* Pods-GuauMapsTests.release.xcconfig */;
			buildSettings = {
				ALWAYS_EMBED_SWIFT_STANDARD_LIBRARIES = YES;
				BUNDLE_LOADER = "$(TEST_HOST)";
				CODE_SIGN_STYLE = Automatic;
				CURRENT_PROJECT_VERSION = 1;
				DEVELOPMENT_TEAM = BD25VMM275;
				GENERATE_INFOPLIST_FILE = YES;
				IPHONEOS_DEPLOYMENT_TARGET = 17.5;
				MARKETING_VERSION = 1.0;
				PRODUCT_BUNDLE_IDENTIFIER = com.arnaurivas.GuauMapsTests;
				PRODUCT_NAME = "$(TARGET_NAME)";
				SWIFT_EMIT_LOC_STRINGS = NO;
				SWIFT_VERSION = 5.0;
				TARGETED_DEVICE_FAMILY = "1,2";
				TEST_HOST = "$(BUILT_PRODUCTS_DIR)/GuauMaps.app/$(BUNDLE_EXECUTABLE_FOLDER_PATH)/GuauMaps";
			};
			name = Release;
		};
		57B315922C80810D009FCA61 /* Debug */ = {
			isa = XCBuildConfiguration;
			baseConfigurationReference = 09D4FEA1DA59FB1D6171EAA4 /* Pods-GuauMaps-GuauMapsUITests.debug.xcconfig */;
			buildSettings = {
				ALWAYS_EMBED_SWIFT_STANDARD_LIBRARIES = YES;
				CODE_SIGN_STYLE = Automatic;
				CURRENT_PROJECT_VERSION = 1;
				DEVELOPMENT_TEAM = BD25VMM275;
				GENERATE_INFOPLIST_FILE = YES;
				MARKETING_VERSION = 1.0;
				PRODUCT_BUNDLE_IDENTIFIER = com.arnaurivas.GuauMapsUITests;
				PRODUCT_NAME = "$(TARGET_NAME)";
				SWIFT_EMIT_LOC_STRINGS = NO;
				SWIFT_VERSION = 5.0;
				TARGETED_DEVICE_FAMILY = "1,2";
				TEST_TARGET_NAME = GuauMaps;
			};
			name = Debug;
		};
		57B315932C80810D009FCA61 /* Release */ = {
			isa = XCBuildConfiguration;
			baseConfigurationReference = 17E264C46A4481032E509E69 /* Pods-GuauMaps-GuauMapsUITests.release.xcconfig */;
			buildSettings = {
				ALWAYS_EMBED_SWIFT_STANDARD_LIBRARIES = YES;
				CODE_SIGN_STYLE = Automatic;
				CURRENT_PROJECT_VERSION = 1;
				DEVELOPMENT_TEAM = BD25VMM275;
				GENERATE_INFOPLIST_FILE = YES;
				MARKETING_VERSION = 1.0;
				PRODUCT_BUNDLE_IDENTIFIER = com.arnaurivas.GuauMapsUITests;
				PRODUCT_NAME = "$(TARGET_NAME)";
				SWIFT_EMIT_LOC_STRINGS = NO;
				SWIFT_VERSION = 5.0;
				TARGETED_DEVICE_FAMILY = "1,2";
				TEST_TARGET_NAME = GuauMaps;
			};
			name = Release;
		};
/* End XCBuildConfiguration section */

/* Begin XCConfigurationList section */
		57B315622C80810C009FCA61 /* Build configuration list for PBXProject "GuauMaps" */ = {
			isa = XCConfigurationList;
			buildConfigurations = (
				57B315892C80810D009FCA61 /* Debug */,
				57B3158A2C80810D009FCA61 /* Release */,
			);
			defaultConfigurationIsVisible = 0;
			defaultConfigurationName = Release;
		};
		57B3158B2C80810D009FCA61 /* Build configuration list for PBXNativeTarget "GuauMaps" */ = {
			isa = XCConfigurationList;
			buildConfigurations = (
				57B3158C2C80810D009FCA61 /* Debug */,
				57B3158D2C80810D009FCA61 /* Release */,
			);
			defaultConfigurationIsVisible = 0;
			defaultConfigurationName = Release;
		};
		57B3158E2C80810D009FCA61 /* Build configuration list for PBXNativeTarget "GuauMapsTests" */ = {
			isa = XCConfigurationList;
			buildConfigurations = (
				57B3158F2C80810D009FCA61 /* Debug */,
				57B315902C80810D009FCA61 /* Release */,
			);
			defaultConfigurationIsVisible = 0;
			defaultConfigurationName = Release;
		};
		57B315912C80810D009FCA61 /* Build configuration list for PBXNativeTarget "GuauMapsUITests" */ = {
			isa = XCConfigurationList;
			buildConfigurations = (
				57B315922C80810D009FCA61 /* Debug */,
				57B315932C80810D009FCA61 /* Release */,
			);
			defaultConfigurationIsVisible = 0;
			defaultConfigurationName = Release;
		};
/* End XCConfigurationList section */
	};
	rootObject = 57B3155F2C80810C009FCA61 /* Project object */;
}
